
Microsoft Visual Studio Solution File, Format Version 12.00
# Visual Studio Version 17
VisualStudioVersion = 17.7.34003.232
MinimumVisualStudioVersion = 10.0.40219.1
Project("{FAE04EC0-301F-11D3-BF4B-00C04F79EFBC}") = "Conditionals_McCarty_Daniel", "Conditionals_McCarty_Daniel.csproj", "{05570502-E878-4112-B2D4-B46D9B824359}"
EndProject
Global
	GlobalSection(SolutionConfigurationPlatforms) = preSolution
		Debug|Any CPU = Debug|Any CPU
		Release|Any CPU = Release|Any CPU
	EndGlobalSection
	GlobalSection(ProjectConfigurationPlatforms) = postSolution
		{05570502-E878-4112-B2D4-B46D9B824359}.Debug|Any CPU.ActiveCfg = Debug|Any CPU
		{05570502-E878-4112-B2D4-B46D9B824359}.Debug|Any CPU.Build.0 = Debug|Any CPU
		{05570502-E878-4112-B2D4-B46D9B824359}.Release|Any CPU.ActiveCfg = Release|Any CPU
		{05570502-E878-4112-B2D4-B46D9B824359}.Release|Any CPU.Build.0 = Release|Any CPU
	EndGlobalSection
	GlobalSection(SolutionProperties) = preSolution
		HideSolutionNode = FALSE
	EndGlobalSection
	GlobalSection(ExtensibilityGlobals) = postSolution
		SolutionGuid = {73833CC4-7229-47D2-8B7C-EBE98B9D66DD}
	EndGlobalSection
EndGlobal
